
Microsoft Visual Studio Solution File, Format Version 12.00
# Visual Studio Version 17
VisualStudioVersion = 17.5.33516.290
MinimumVisualStudioVersion = 10.0.40219.1
Project("{FAE04EC0-301F-11D3-BF4B-00C04F79EFBC}") = "semana9.Android", "semana9\semana9.Android\semana9.Android.csproj", "{FDB396F6-73B2-4092-91A8-34DF1D80E18C}"
EndProject
Project("{FAE04EC0-301F-11D3-BF4B-00C04F79EFBC}") = "semana9.iOS", "semana9\semana9.iOS\semana9.iOS.csproj", "{275927F7-E25F-480A-9059-7F99B0C9D229}"
EndProject
Project("{FAE04EC0-301F-11D3-BF4B-00C04F79EFBC}") = "semana9", "semana9\semana9\semana9.csproj", "{48D62E6D-3233-491C-BB5F-85E5873098E5}"
EndProject
Global
	GlobalSection(SolutionConfigurationPlatforms) = preSolution
		Debug|Any CPU = Debug|Any CPU
		Debug|iPhone = Debug|iPhone
		Debug|iPhoneSimulator = Debug|iPhoneSimulator
		Release|Any CPU = Release|Any CPU
		Release|iPhone = Release|iPhone
		Release|iPhoneSimulator = Release|iPhoneSimulator
	EndGlobalSection
	GlobalSection(ProjectConfigurationPlatforms) = postSolution
		{FDB396F6-73B2-4092-91A8-34DF1D80E18C}.Debug|Any CPU.ActiveCfg = Debug|Any CPU
		{FDB396F6-73B2-4092-91A8-34DF1D80E18C}.Debug|Any CPU.Build.0 = Debug|Any CPU
		{FDB396F6-73B2-4092-91A8-34DF1D80E18C}.Debug|Any CPU.Deploy.0 = Debug|Any CPU
		{FDB396F6-73B2-4092-91A8-34DF1D80E18C}.Debug|iPhone.ActiveCfg = Debug|Any CPU
		{FDB396F6-73B2-4092-91A8-34DF1D80E18C}.Debug|iPhone.Build.0 = Debug|Any CPU
		{FDB396F6-73B2-4092-91A8-34DF1D80E18C}.Debug|iPhone.Deploy.0 = Debug|Any CPU
		{FDB396F6-73B2-4092-91A8-34DF1D80E18C}.Debug|iPhoneSimulator.ActiveCfg = Debug|Any CPU
		{FDB396F6-73B2-4092-91A8-34DF1D80E18C}.Debug|iPhoneSimulator.Build.0 = Debug|Any CPU
		{FDB396F6-73B2-4092-91A8-34DF1D80E18C}.Debug|iPhoneSimulator.Deploy.0 = Debug|Any CPU
		{FDB396F6-73B2-4092-91A8-34DF1D80E18C}.Release|Any CPU.ActiveCfg = Release|Any CPU
		{FDB396F6-73B2-4092-91A8-34DF1D80E18C}.Release|Any CPU.Build.0 = Release|Any CPU
		{FDB396F6-73B2-4092-91A8-34DF1D80E18C}.Release|Any CPU.Deploy.0 = Release|Any CPU
		{FDB396F6-73B2-4092-91A8-34DF1D80E18C}.Release|iPhone.ActiveCfg = Release|Any CPU
		{FDB396F6-73B2-4092-91A8-34DF1D80E18C}.Release|iPhone.Build.0 = Release|Any CPU
		{FDB396F6-73B2-4092-91A8-34DF1D80E18C}.Release|iPhone.Deploy.0 = Release|Any CPU
		{FDB396F6-73B2-4092-91A8-34DF1D80E18C}.Release|iPhoneSimulator.ActiveCfg = Release|Any CPU
		{FDB396F6-73B2-4092-91A8-34DF1D80E18C}.Release|iPhoneSimulator.Build.0 = Release|Any CPU
		{FDB396F6-73B2-4092-91A8-34DF1D80E18C}.Release|iPhoneSimulator.Deploy.0 = Release|Any CPU
		{275927F7-E25F-480A-9059-7F99B0C9D229}.Debug|Any CPU.ActiveCfg = Debug|iPhone
		{275927F7-E25F-480A-9059-7F99B0C9D229}.Debug|Any CPU.Build.0 = Debug|iPhone
		{275927F7-E25F-480A-9059-7F99B0C9D229}.Debug|Any CPU.Deploy.0 = Debug|iPhone
		{275927F7-E25F-480A-9059-7F99B0C9D229}.Debug|iPhone.ActiveCfg = Debug|iPhone
		{275927F7-E25F-480A-9059-7F99B0C9D229}.Debug|iPhone.Build.0 = Debug|iPhone
		{275927F7-E25F-480A-9059-7F99B0C9D229}.Debug|iPhone.Deploy.0 = Debug|iPhone
		{275927F7-E25F-480A-9059-7F99B0C9D229}.Debug|iPhoneSimulator.ActiveCfg = Debug|iPhoneSimulator
		{275927F7-E25F-480A-9059-7F99B0C9D229}.Debug|iPhoneSimulator.Build.0 = Debug|iPhoneSimulator
		{275927F7-E25F-480A-9059-7F99B0C9D229}.Debug|iPhoneSimulator.Deploy.0 = Debug|iPhoneSimulator
		{275927F7-E25F-480A-9059-7F99B0C9D229}.Release|Any CPU.ActiveCfg = Release|iPhoneSimulator
		{275927F7-E25F-480A-9059-7F99B0C9D229}.Release|Any CPU.Build.0 = Release|iPhoneSimulator
		{275927F7-E25F-480A-9059-7F99B0C9D229}.Release|Any CPU.Deploy.0 = Release|iPhoneSimulator
		{275927F7-E25F-480A-9059-7F99B0C9D229}.Release|iPhone.ActiveCfg = Release|iPhone
		{275927F7-E25F-480A-9059-7F99B0C9D229}.Release|iPhone.Build.0 = Release|iPhone
		{275927F7-E25F-480A-9059-7F99B0C9D229}.Release|iPhone.Deploy.0 = Release|iPhone
		{275927F7-E25F-480A-9059-7F99B0C9D229}.Release|iPhoneSimulator.ActiveCfg = Release|iPhoneSimulator
		{275927F7-E25F-480A-9059-7F99B0C9D229}.Release|iPhoneSimulator.Build.0 = Release|iPhoneSimulator
		{275927F7-E25F-480A-9059-7F99B0C9D229}.Release|iPhoneSimulator.Deploy.0 = Release|iPhoneSimulator
		{48D62E6D-3233-491C-BB5F-85E5873098E5}.Debug|Any CPU.ActiveCfg = Debug|Any CPU
		{48D62E6D-3233-491C-BB5F-85E5873098E5}.Debug|Any CPU.Build.0 = Debug|Any CPU
		{48D62E6D-3233-491C-BB5F-85E5873098E5}.Debug|Any CPU.Deploy.0 = Debug|Any CPU
		{48D62E6D-3233-491C-BB5F-85E5873098E5}.Debug|iPhone.ActiveCfg = Debug|Any CPU
		{48D62E6D-3233-491C-BB5F-85E5873098E5}.Debug|iPhone.Build.0 = Debug|Any CPU
		{48D62E6D-3233-491C-BB5F-85E5873098E5}.Debug|iPhone.Deploy.0 = Debug|Any CPU
		{48D62E6D-3233-491C-BB5F-85E5873098E5}.Debug|iPhoneSimulator.ActiveCfg = Debug|Any CPU
		{48D62E6D-3233-491C-BB5F-85E5873098E5}.Debug|iPhoneSimulator.Build.0 = Debug|Any CPU
		{48D62E6D-3233-491C-BB5F-85E5873098E5}.Debug|iPhoneSimulator.Deploy.0 = Debug|Any CPU
		{48D62E6D-3233-491C-BB5F-85E5873098E5}.Release|Any CPU.ActiveCfg = Release|Any CPU
		{48D62E6D-3233-491C-BB5F-85E5873098E5}.Release|Any CPU.Build.0 = Release|Any CPU
		{48D62E6D-3233-491C-BB5F-85E5873098E5}.Release|Any CPU.Deploy.0 = Release|Any CPU
		{48D62E6D-3233-491C-BB5F-85E5873098E5}.Release|iPhone.ActiveCfg = Release|Any CPU
		{48D62E6D-3233-491C-BB5F-85E5873098E5}.Release|iPhone.Build.0 = Release|Any CPU
		{48D62E6D-3233-491C-BB5F-85E5873098E5}.Release|iPhone.Deploy.0 = Release|Any CPU
		{48D62E6D-3233-491C-BB5F-85E5873098E5}.Release|iPhoneSimulator.ActiveCfg = Release|Any CPU
		{48D62E6D-3233-491C-BB5F-85E5873098E5}.Release|iPhoneSimulator.Build.0 = Release|Any CPU
		{48D62E6D-3233-491C-BB5F-85E5873098E5}.Release|iPhoneSimulator.Deploy.0 = Release|Any CPU
	EndGlobalSection
	GlobalSection(SolutionProperties) = preSolution
		HideSolutionNode = FALSE
	EndGlobalSection
	GlobalSection(ExtensibilityGlobals) = postSolution
		SolutionGuid = {8A91FAD8-449B-44A0-B6EE-620B8B40C8DE}
	EndGlobalSection
EndGlobal
